Microsoft Visual Studio Solution File, Format Version 11.00
# Visual Studio 2008

Project("{AF8B1542-8141-8998-68CE-B3CB15D04B30}") = "Toil", "Assembly-CSharp.csproj", "{6C6BAF82-ACCF-6733-340B-EBBAF1F57104}"
EndProject
Project("{AF8B1542-8141-8998-68CE-B3CB15D04B30}") = "Toil", "Assembly-CSharp-Editor.csproj", "{341BE2E6-F217-76A5-F10D-B833D7A9BED6}"
EndProject
Global
	GlobalSection(SolutionConfigurationPlatforms) = preSolution
		Debug|Any CPU = Debug|Any CPU
		Release|Any CPU = Release|Any CPU
	EndGlobalSection
	GlobalSection(ProjectConfigurationPlatforms) = postSolution
		{6C6BAF82-ACCF-6733-340B-EBBAF1F57104}.Debug|Any CPU.ActiveCfg = Debug|Any CPU
		{6C6BAF82-ACCF-6733-340B-EBBAF1F57104}.Debug|Any CPU.Build.0 = Debug|Any CPU
		{6C6BAF82-ACCF-6733-340B-EBBAF1F57104}.Release|Any CPU.ActiveCfg = Release|Any CPU
		{6C6BAF82-ACCF-6733-340B-EBBAF1F57104}.Release|Any CPU.Build.0 = Release|Any CPU
		{341BE2E6-F217-76A5-F10D-B833D7A9BED6}.Debug|Any CPU.ActiveCfg = Debug|Any CPU
		{341BE2E6-F217-76A5-F10D-B833D7A9BED6}.Debug|Any CPU.Build.0 = Debug|Any CPU
		{341BE2E6-F217-76A5-F10D-B833D7A9BED6}.Release|Any CPU.ActiveCfg = Release|Any CPU
		{341BE2E6-F217-76A5-F10D-B833D7A9BED6}.Release|Any CPU.Build.0 = Release|Any CPU
	EndGlobalSection
	GlobalSection(SolutionProperties) = preSolution
		HideSolutionNode = FALSE
	EndGlobalSection
	GlobalSection(MonoDevelopProperties) = preSolution
		StartupItem = Assembly-CSharp.csproj
	EndGlobalSection
EndGlobal
